
Microsoft Visual Studio Solution File, Format Version 12.00
# Visual Studio Version 17
VisualStudioVersion = 17.5.002.0
MinimumVisualStudioVersion = 10.0.40219.1
Project("{9A19103F-16F7-4668-BE54-9A1E7A4F7556}") = "ALGORÍTMOS 24.4", "ALGORÍTMOS 24.4.csproj", "{F6AF2E8D-5DF3-4C49-BA32-CF669B6E0070}"
EndProject
Global
	GlobalSection(SolutionConfigurationPlatforms) = preSolution
		Debug|Any CPU = Debug|Any CPU
		Release|Any CPU = Release|Any CPU
	EndGlobalSection
	GlobalSection(ProjectConfigurationPlatforms) = postSolution
		{F6AF2E8D-5DF3-4C49-BA32-CF669B6E0070}.Debug|Any CPU.ActiveCfg = Debug|Any CPU
		{F6AF2E8D-5DF3-4C49-BA32-CF669B6E0070}.Debug|Any CPU.Build.0 = Debug|Any CPU
		{F6AF2E8D-5DF3-4C49-BA32-CF669B6E0070}.Release|Any CPU.ActiveCfg = Release|Any CPU
		{F6AF2E8D-5DF3-4C49-BA32-CF669B6E0070}.Release|Any CPU.Build.0 = Release|Any CPU
	EndGlobalSection
	GlobalSection(SolutionProperties) = preSolution
		HideSolutionNode = FALSE
	EndGlobalSection
	GlobalSection(ExtensibilityGlobals) = postSolution
		SolutionGuid = {EEAAA957-AA16-4470-8413-3413264DEF48}
	EndGlobalSection
EndGlobal
